
Microsoft Visual Studio Solution File, Format Version 12.00
# Visual Studio Version 16
VisualStudioVersion = 16.0.32228.343
MinimumVisualStudioVersion = 10.0.40219.1
Project("{FAE04EC0-301F-11D3-BF4B-00C04F79EFBC}") = "ASPNETMVC", "ASPNETMVC\ASPNETMVC.csproj", "{AC58AE4F-3ED7-4501-B355-D0ACB67CCB6C}"
EndProject
Global
	GlobalSection(SolutionConfigurationPlatforms) = preSolution
		Debug|Any CPU = Debug|Any CPU
		Release|Any CPU = Release|Any CPU
	EndGlobalSection
	GlobalSection(ProjectConfigurationPlatforms) = postSolution
		{AC58AE4F-3ED7-4501-B355-D0ACB67CCB6C}.Debug|Any CPU.ActiveCfg = Debug|Any CPU
		{AC58AE4F-3ED7-4501-B355-D0ACB67CCB6C}.Debug|Any CPU.Build.0 = Debug|Any CPU
		{AC58AE4F-3ED7-4501-B355-D0ACB67CCB6C}.Release|Any CPU.ActiveCfg = Release|Any CPU
		{AC58AE4F-3ED7-4501-B355-D0ACB67CCB6C}.Release|Any CPU.Build.0 = Release|Any CPU
	EndGlobalSection
	GlobalSection(SolutionProperties) = preSolution
		HideSolutionNode = FALSE
	EndGlobalSection
	GlobalSection(ExtensibilityGlobals) = postSolution
		SolutionGuid = {E78B9E8E-1FBC-4248-94F2-204FB8B06E83}
	EndGlobalSection
EndGlobal
